// !$*UTF8*$!
{
	archiveVersion = 1;
	classes = {
	};
	objectVersion = 50;
	objects = {

/* Begin PBXBuildFile section */
		F2F38CFC228E49CD00567EF0 /* AppDelegate.m in Sources */ = {isa = PBXBuildFile; fileRef = F2F38CFB228E49CD00567EF0 /* AppDelegate.m */; };
		F2F38CFF228E49CD00567EF0 /* ViewController.m in Sources */ = {isa = PBXBuildFile; fileRef = F2F38CFE228E49CD00567EF0 /* ViewController.m */; };
		F2F38D02228E49CD00567EF0 /* Main.storyboard in Resources */ = {isa = PBXBuildFile; fileRef = F2F38D00228E49CD00567EF0 /* Main.storyboard */; };
		F2F38D04228E49CF00567EF0 /* Assets.xcassets in Resources */ = {isa = PBXBuildFile; fileRef = F2F38D03228E49CF00567EF0 /* Assets.xcassets */; };
		F2F38D07228E49CF00567EF0 /* LaunchScreen.storyboard in Resources */ = {isa = PBXBuildFile; fileRef = F2F38D05228E49CF00567EF0 /* LaunchScreen.storyboard */; };
		F2F38D0A228E49CF00567EF0 /* main.m in Sources */ = {isa = PBXBuildFile; fileRef = F2F38D09228E49CF00567EF0 /* main.m */; };
		F2F38D17228E4AB500567EF0 /* CountryCodeTableViewCell.m in Sources */ = {isa = PBXBuildFile; fileRef = F2F38D11228E4AB500567EF0 /* CountryCodeTableViewCell.m */; };
		F2F38D18228E4AB500567EF0 /* CountryManager.m in Sources */ = {isa = PBXBuildFile; fileRef = F2F38D13228E4AB500567EF0 /* CountryManager.m */; };
		F2F38D19228E4AB500567EF0 /* CountryCodeController.m in Sources */ = {isa = PBXBuildFile; fileRef = F2F38D16228E4AB500567EF0 /* CountryCodeController.m */; };
		F2F38D1B228E4BBB00567EF0 /* CountryCode.plist in Resources */ = {isa = PBXBuildFile; fileRef = F2F38D1A228E4BBB00567EF0 /* CountryCode.plist */; };
/* End PBXBuildFile section */

/* Begin PBXFileReference section */
		F2F38CF7228E49CD00567EF0 /* CountryCode.app */ = {isa = PBXFileReference; explicitFileType = wrapper.application; includeInIndex = 0; path = CountryCode.app; sourceTree = BUILT_PRODUCTS_DIR; };
		F2F38CFA228E49CD00567EF0 /* AppDelegate.h */ = {isa = PBXFileReference; lastKnownFileType = sourcecode.c.h; path = AppDelegate.h; sourceTree = "<group>"; };
		F2F38CFB228E49CD00567EF0 /* AppDelegate.m */ = {isa = PBXFileReference; lastKnownFileType = sourcecode.c.objc; path = AppDelegate.m; sourceTree = "<group>"; };
		F2F38CFD228E49CD00567EF0 /* ViewController.h */ = {isa = PBXFileReference; lastKnownFileType = sourcecode.c.h; path = ViewController.h; sourceTree = "<group>"; };
		F2F38CFE228E49CD00567EF0 /* ViewController.m */ = {isa = PBXFileReference; lastKnownFileType = sourcecode.c.objc; path = ViewController.m; sourceTree = "<group>"; };
		F2F38D01228E49CD00567EF0 /* Base */ = {isa = PBXFileReference; lastKnownFileType = file.storyboard; name = Base; path = Base.lproj/Main.storyboard; sourceTree = "<group>"; };
		F2F38D03228E49CF00567EF0 /* Assets.xcassets */ = {isa = PBXFileReference; lastKnownFileType = folder.assetcatalog; path = Assets.xcassets; sourceTree = "<group>"; };
		F2F38D06228E49CF00567EF0 /* Base */ = {isa = PBXFileReference; lastKnownFileType = file.storyboard; name = Base; path = Base.lproj/LaunchScreen.storyboard; sourceTree = "<group>"; };
		F2F38D08228E49CF00567EF0 /* Info.plist */ = {isa = PBXFileReference; lastKnownFileType = text.plist.xml; path = Info.plist; sourceTree = "<group>"; };
		F2F38D09228E49CF00567EF0 /* main.m */ = {isa = PBXFileReference; lastKnownFileType = sourcecode.c.objc; path = main.m; sourceTree = "<group>"; };
		F2F38D11228E4AB500567EF0 /* CountryCodeTableViewCell.m */ = {isa = PBXFileReference; fileEncoding = 4; lastKnownFileType = sourcecode.c.objc; path = CountryCodeTableViewCell.m; sourceTree = "<group>"; };
		F2F38D12228E4AB500567EF0 /* CountryManager.h */ = {isa = PBXFileReference; fileEncoding = 4; lastKnownFileType = sourcecode.c.h; path = CountryManager.h; sourceTree = "<group>"; };
		F2F38D13228E4AB500567EF0 /* CountryManager.m */ = {isa = PBXFileReference; fileEncoding = 4; lastKnownFileType = sourcecode.c.objc; path = CountryManager.m; sourceTree = "<group>"; };
		F2F38D14228E4AB500567EF0 /* CountryCodeTableViewCell.h */ = {isa = PBXFileReference; fileEncoding = 4; lastKnownFileType = sourcecode.c.h; path = CountryCodeTableViewCell.h; sourceTree = "<group>"; };
		F2F38D15228E4AB500567EF0 /* CountryCodeController.h */ = {isa = PBXFileReference; fileEncoding = 4; lastKnownFileType = sourcecode.c.h; path = CountryCodeController.h; sourceTree = "<group>"; };
		F2F38D16228E4AB500567EF0 /* CountryCodeController.m */ = {isa = PBXFileReference; fileEncoding = 4; lastKnownFileType = sourcecode.c.objc; path = CountryCodeController.m; sourceTree = "<group>"; };
		F2F38D1A228E4BBB00567EF0 /* CountryCode.plist */ = {isa = PBXFileReference; fileEncoding = 4; lastKnownFileType = text.plist.xml; path = CountryCode.plist; sourceTree = "<group>"; };
/* End PBXFileReference section */

/* Begin PBXFrameworksBuildPhase section */
		F2F38CF4228E49CD00567EF0 /* Frameworks */ = {
			isa = PBXFrameworksBuildPhase;
			buildActionMask = 2147483647;
			files = (
			);
			runOnlyForDeploymentPostprocessing = 0;
		};
/* End PBXFrameworksBuildPhase section */

/* Begin PBXGroup section */
		F2F38CEE228E49CD00567EF0 = {
			isa = PBXGroup;
			children = (
				F2F38CF9228E49CD00567EF0 /* CountryCode */,
				F2F38CF8228E49CD00567EF0 /* Products */,
			);
			sourceTree = "<group>";
		};
		F2F38CF8228E49CD00567EF0 /* Products */ = {
			isa = PBXGroup;
			children = (
				F2F38CF7228E49CD00567EF0 /* CountryCode.app */,
			);
			name = Products;
			sourceTree = "<group>";
		};
		F2F38CF9228E49CD00567EF0 /* CountryCode */ = {
			isa = PBXGroup;
			children = (
				F2F38D10228E4A9D00567EF0 /* CountryCode-ios */,
				F2F38CFA228E49CD00567EF0 /* AppDelegate.h */,
				F2F38CFB228E49CD00567EF0 /* AppDelegate.m */,
				F2F38CFD228E49CD00567EF0 /* ViewController.h */,
				F2F38CFE228E49CD00567EF0 /* ViewController.m */,
				F2F38D00228E49CD00567EF0 /* Main.storyboard */,
				F2F38D03228E49CF00567EF0 /* Assets.xcassets */,
				F2F38D05228E49CF00567EF0 /* LaunchScreen.storyboard */,
				F2F38D08228E49CF00567EF0 /* Info.plist */,
				F2F38D09228E49CF00567EF0 /* main.m */,
			);
			path = CountryCode;
			sourceTree = "<group>";
		};
		F2F38D10228E4A9D00567EF0 /* CountryCode-ios */ = {
			isa = PBXGroup;
			children = (
				F2F38D1A228E4BBB00567EF0 /* CountryCode.plist */,
				F2F38D15228E4AB500567EF0 /* CountryCodeController.h */,
				F2F38D16228E4AB500567EF0 /* CountryCodeController.m */,
				F2F38D14228E4AB500567EF0 /* CountryCodeTableViewCell.h */,
				F2F38D11228E4AB500567EF0 /* CountryCodeTableViewCell.m */,
				F2F38D12228E4AB500567EF0 /* CountryManager.h */,
				F2F38D13228E4AB500567EF0 /* CountryManager.m */,
			);
			path = "CountryCode-ios";
			sourceTree = "<group>";
		};
/* End PBXGroup section */

/* Begin PBXNativeTarget section */
		F2F38CF6228E49CD00567EF0 /* CountryCode */ = {
			isa = PBXNativeTarget;
			buildConfigurationList = F2F38D0D228E49CF00567EF0 /* Build configuration list for PBXNativeTarget "CountryCode" */;
			buildPhases = (
				F2F38CF3228E49CD00567EF0 /* Sources */,
				F2F38CF4228E49CD00567EF0 /* Frameworks */,
				F2F38CF5228E49CD00567EF0 /* Resources */,
			);
			buildRules = (
			);
			dependencies = (
			);
			name = CountryCode;
			productName = CountryCode;
			productReference = F2F38CF7228E49CD00567EF0 /* CountryCode.app */;
			productType = "com.apple.product-type.application";
		};
/* End PBXNativeTarget section */

/* Begin PBXProject section */
		F2F38CEF228E49CD00567EF0 /* Project object */ = {
			isa = PBXProject;
			attributes = {
				LastUpgradeCheck = 1020;
				ORGANIZATIONNAME = Hi_Arno;
				TargetAttributes = {
					F2F38CF6228E49CD00567EF0 = {
						CreatedOnToolsVersion = 10.2.1;
					};
				};
			};
			buildConfigurationList = F2F38CF2228E49CD00567EF0 /* Build configuration list for PBXProject "CountryCode" */;
			compatibilityVersion = "Xcode 9.3";
			developmentRegion = en;
			hasScannedForEncodings = 0;
			knownRegions = (
				en,
				Base,
			);
			mainGroup = F2F38CEE228E49CD00567EF0;
			productRefGroup = F2F38CF8228E49CD00567EF0 /* Products */;
			projectDirPath = "";
			projectRoot = "";
			targets = (
				F2F38CF6228E49CD00567EF0 /* CountryCode */,
			);
		};
/* End PBXProject section */

/* Begin PBXResourcesBuildPhase section */
		F2F38CF5228E49CD00567EF0 /* Resources */ = {
			isa = PBXResourcesBuildPhase;
			buildActionMask = 2147483647;
			files = (
				F2F38D07228E49CF00567EF0 /* LaunchScreen.storyboard in Resources */,
				F2F38D04228E49CF00567EF0 /* Assets.xcassets in Resources */,
				F2F38D1B228E4BBB00567EF0 /* CountryCode.plist in Resources */,
				F2F38D02228E49CD00567EF0 /* Main.storyboard in Resources */,
			);
			runOnlyForDeploymentPostprocessing = 0;
		};
/* End PBXResourcesBuildPhase section */

/* Begin PBXSourcesBuildPhase section */
		F2F38CF3228E49CD00567EF0 /* Sources */ = {
			isa = PBXSourcesBuildPhase;
			buildActionMask = 2147483647;
			files = (
				F2F38D18228E4AB500567EF0 /* CountryManager.m in Sources */,
				F2F38D19228E4AB500567EF0 /* CountryCodeController.m in Sources */,
				F2F38CFF228E49CD00567EF0 /* ViewController.m in Sources */,
				F2F38D0A228E49CF00567EF0 /* main.m in Sources */,
				F2F38CFC228E49CD00567EF0 /* AppDelegate.m in Sources */,
				F2F38D17228E4AB500567EF0 /* CountryCodeTableViewCell.m in Sources */,
			);
			runOnlyForDeploymentPostprocessing = 0;
		};
/* End PBXSourcesBuildPhase section */

/* Begin PBXVariantGroup section */
		F2F38D00228E49CD00567EF0 /* Main.storyboard */ = {
			isa = PBXVariantGroup;
			children = (
				F2F38D01228E49CD00567EF0 /* Base */,
			);
			name = Main.storyboard;
			sourceTree = "<group>";
		};
		F2F38D05228E49CF00567EF0 /* LaunchScreen.storyboard */ = {
			isa = PBXVariantGroup;
			children = (
				F2F38D06228E49CF00567EF0 /* Base */,
			);
			name = LaunchScreen.storyboard;
			sourceTree = "<group>";
		};
/* End PBXVariantGroup section */

/* Begin XCBuildConfiguration section */
		F2F38D0B228E49CF00567EF0 /* Debug */ = {
			isa = XCBuildConfiguration;
			buildSettings = {
				ALWAYS_SEARCH_USER_PATHS = NO;
				CLANG_ANALYZER_NONNULL = YES;
				CLANG_ANALYZER_NUMBER_OBJECT_CONVERSION = YES_AGGRESSIVE;
				CLANG_CXX_LANGUAGE_STANDARD = "gnu++14";
				CLANG_CXX_LIBRARY = "libc++";
				CLANG_ENABLE_MODULES = YES;
				CLANG_ENABLE_OBJC_ARC = YES;
				CLANG_ENABLE_OBJC_WEAK = YES;
				CLANG_WARN_BLOCK_CAPTURE_AUTORELEASING = YES;
				CLANG_WARN_BOOL_CONVERSION = YES;
				CLANG_WARN_COMMA = YES;
				CLANG_WARN_CONSTANT_CONVERSION = YES;
				CLANG_WARN_DEPRECATED_OBJC_IMPLEMENTATIONS = YES;
				CLANG_WARN_DIRECT_OBJC_ISA_USAGE = YES_ERROR;
				CLANG_WARN_DOCUMENTATION_COMMENTS = YES;
				CLANG_WARN_EMPTY_BODY = YES;
				CLANG_WARN_ENUM_CONVERSION = YES;
				CLANG_WARN_INFINITE_RECURSION = YES;
				CLANG_WARN_INT_CONVERSION = YES;
				CLANG_WARN_NON_LITERAL_NULL_CONVERSION = YES;
				CLANG_WARN_OBJC_IMPLICIT_RETAIN_SELF = YES;
				CLANG_WARN_OBJC_LITERAL_CONVERSION = YES;
				CLANG_WARN_OBJC_ROOT_CLASS = YES_ERROR;
				CLANG_WARN_RANGE_LOOP_ANALYSIS = YES;
				CLANG_WARN_STRICT_PROTOTYPES = YES;
				CLANG_WARN_SUSPICIOUS_MOVE = YES;
				CLANG_WARN_UNGUARDED_AVAILABILITY = YES_AGGRESSIVE;
				CLANG_WARN_UNREACHABLE_CODE = YES;
				CLANG_WARN__DUPLICATE_METHOD_MATCH = YES;
				CODE_SIGN_IDENTITY = "iPhone Developer";
				COPY_PHASE_STRIP = NO;
				DEBUG_INFORMATION_FORMAT = dwarf;
				ENABLE_STRICT_OBJC_MSGSEND = YES;
				ENABLE_TESTABILITY = YES;
				GCC_C_LANGUAGE_STANDARD = gnu11;
				GCC_DYNAMIC_NO_PIC = NO;
				GCC_NO_COMMON_BLOCKS = YES;
				GCC_OPTIMIZATION_LEVEL = 0;
				GCC_PREPROCESSOR_DEFINITIONS = (
					"DEBUG=1",
					"$(inherited)",
				);
				GCC_WARN_64_TO_32_BIT_CONVERSION = YES;
				GCC_WARN_ABOUT_RETURN_TYPE = YES_ERROR;
				GCC_WARN_UNDECLARED_SELECTOR = YES;
				GCC_WARN_UNINITIALIZED_AUTOS = YES_AGGRESSIVE;
				GCC_WARN_UNUSED_FUNCTION = YES;
				GCC_WARN_UNUSED_VARIABLE = YES;
				IPHONEOS_DEPLOYMENT_TARGET = 12.2;
				MTL_ENABLE_DEBUG_INFO = INCLUDE_SOURCE;
				MTL_FAST_MATH = YES;
				ONLY_ACTIVE_ARCH = YES;
				SDKROOT = iphoneos;
			};
			name = Debug;
		};
		F2F38D0C228E49CF00567EF0 /* Release */ = {
			isa = XCBuildConfiguration;
			buildSettings = {
				ALWAYS_SEARCH_USER_PATHS = NO;
				CLANG_ANALYZER_NONNULL = YES;
				CLANG_ANALYZER_NUMBER_OBJECT_CONVERSION = YES_AGGRESSIVE;
				CLANG_CXX_LANGUAGE_STANDARD = "gnu++14";
				CLANG_CXX_LIBRARY = "libc++";
				CLANG_ENABLE_MODULES = YES;
				CLANG_ENABLE_OBJC_ARC = YES;
				CLANG_ENABLE_OBJC_WEAK = YES;
				CLANG_WARN_BLOCK_CAPTURE_AUTORELEASING = YES;
				CLANG_WARN_BOOL_CONVERSION = YES;
				CLANG_WARN_COMMA = YES;
				CLANG_WARN_CONSTANT_CONVERSION = YES;
				CLANG_WARN_DEPRECATED_OBJC_IMPLEMENTATIONS = YES;
				CLANG_WARN_DIRECT_OBJC_ISA_USAGE = YES_ERROR;
				CLANG_WARN_DOCUMENTATION_COMMENTS = YES;
				CLANG_WARN_EMPTY_BODY = YES;
				CLANG_WARN_ENUM_CONVERSION = YES;
				CLANG_WARN_INFINITE_RECURSION = YES;
				CLANG_WARN_INT_CONVERSION = YES;
				CLANG_WARN_NON_LITERAL_NULL_CONVERSION = YES;
				CLANG_WARN_OBJC_IMPLICIT_RETAIN_SELF = YES;
				CLANG_WARN_OBJC_LITERAL_CONVERSION = YES;
				CLANG_WARN_OBJC_ROOT_CLASS = YES_ERROR;
				CLANG_WARN_RANGE_LOOP_ANALYSIS = YES;
				CLANG_WARN_STRICT_PROTOTYPES = YES;
				CLANG_WARN_SUSPICIOUS_MOVE = YES;
				CLANG_WARN_UNGUARDED_AVAILABILITY = YES_AGGRESSIVE;
				CLANG_WARN_UNREACHABLE_CODE = YES;
				CLANG_WARN__DUPLICATE_METHOD_MATCH = YES;
				CODE_SIGN_IDENTITY = "iPhone Developer";
				COPY_PHASE_STRIP = NO;
				DEBUG_INFORMATION_FORMAT = "dwarf-with-dsym";
				ENABLE_NS_ASSERTIONS = NO;
				ENABLE_STRICT_OBJC_MSGSEND = YES;
				GCC_C_LANGUAGE_STANDARD = gnu11;
				GCC_NO_COMMON_BLOCKS = YES;
				GCC_WARN_64_TO_32_BIT_CONVERSION = YES;
				GCC_WARN_ABOUT_RETURN_TYPE = YES_ERROR;
				GCC_WARN_UNDECLARED_SELECTOR = YES;
				GCC_WARN_UNINITIALIZED_AUTOS = YES_AGGRESSIVE;
				GCC_WARN_UNUSED_FUNCTION = YES;
				GCC_WARN_UNUSED_VARIABLE = YES;
				IPHONEOS_DEPLOYMENT_TARGET = 12.2;
				MTL_ENABLE_DEBUG_INFO = NO;
				MTL_FAST_MATH = YES;
				SDKROOT = iphoneos;
				VALIDATE_PRODUCT = YES;
			};
			name = Release;
		};
		F2F38D0E228E49CF00567EF0 /* Debug */ = {
			isa = XCBuildConfiguration;
			buildSettings = {
				ASSETCATALOG_COMPILER_APPICON_NAME = AppIcon;
				CODE_SIGN_STYLE = Automatic;
				INFOPLIST_FILE = CountryCode/Info.plist;
				LD_RUNPATH_SEARCH_PATHS = (
					"$(inherited)",
					"@executable_path/Frameworks",
				);
				PRODUCT_BUNDLE_IDENTIFIER = arno.CountryCode;
				PRODUCT_NAME = "$(TARGET_NAME)";
				TARGETED_DEVICE_FAMILY = "1,2";
			};
			name = Debug;
		};
		F2F38D0F228E49CF00567EF0 /* Release */ = {
			isa = XCBuildConfiguration;
			buildSettings = {
				ASSETCATALOG_COMPILER_APPICON_NAME = AppIcon;
				CODE_SIGN_STYLE = Automatic;
				INFOPLIST_FILE = CountryCode/Info.plist;
				LD_RUNPATH_SEARCH_PATHS = (
					"$(inherited)",
					"@executable_path/Frameworks",
				);
				PRODUCT_BUNDLE_IDENTIFIER = arno.CountryCode;
				PRODUCT_NAME = "$(TARGET_NAME)";
				TARGETED_DEVICE_FAMILY = "1,2";
			};
			name = Release;
		};
/* End XCBuildConfiguration section */

/* Begin XCConfigurationList section */
		F2F38CF2228E49CD00567EF0 /* Build configuration list for PBXProject "CountryCode" */ = {
			isa = XCConfigurationList;
			buildConfigurations = (
				F2F38D0B228E49CF00567EF0 /* Debug */,
				F2F38D0C228E49CF00567EF0 /* Release */,
			);
			defaultConfigurationIsVisible = 0;
			defaultConfigurationName = Release;
		};
		F2F38D0D228E49CF00567EF0 /* Build configuration list for PBXNativeTarget "CountryCode" */ = {
			isa = XCConfigurationList;
			buildConfigurations = (
				F2F38D0E228E49CF00567EF0 /* Debug */,
				F2F38D0F228E49CF00567EF0 /* Release */,
			);
			defaultConfigurationIsVisible = 0;
			defaultConfigurationName = Release;
		};
/* End XCConfigurationList section */
	};
	rootObject = F2F38CEF228E49CD00567EF0 /* Project object */;
}
